
Microsoft Visual Studio Solution File, Format Version 12.00
# Visual Studio Version 16
VisualStudioVersion = 16.0.29209.152
MinimumVisualStudioVersion = 10.0.40219.1
Project("{9A19103F-16F7-4668-BE54-9A1E7A4F7556}") = "WebStore.Data", "WebStore.Data\WebStore.Data.csproj", "{50F243F5-B827-4C75-8230-A6F06A5F1ACC}"
EndProject
Project("{9A19103F-16F7-4668-BE54-9A1E7A4F7556}") = "WebStore.Common", "WebStore.Common\WebStore.Common.csproj", "{8572B17B-3C78-4AF5-9AF9-DE0052B2654E}"
EndProject
Project("{9A19103F-16F7-4668-BE54-9A1E7A4F7556}") = "WebStore.Logic", "WebStore.Logic\WebStore.Logic.csproj", "{89728E44-4443-4519-8856-26D2AB9D6432}"
EndProject
Project("{9A19103F-16F7-4668-BE54-9A1E7A4F7556}") = "WebStore.WebApplication", "WebStore.WebApplication\WebStore.WebApplication.csproj", "{BCCB4F31-7FA8-44F2-947D-2741A59BFC51}"
EndProject
Project("{9A19103F-16F7-4668-BE54-9A1E7A4F7556}") = "DataGeneration", "DataGeneration\DataGeneration.csproj", "{1D75043F-7BD6-41AB-8B63-033D035A2A1B}"
EndProject
Global
	GlobalSection(SolutionConfigurationPlatforms) = preSolution
		Debug|Any CPU = Debug|Any CPU
		Release|Any CPU = Release|Any CPU
	EndGlobalSection
	GlobalSection(ProjectConfigurationPlatforms) = postSolution
		{50F243F5-B827-4C75-8230-A6F06A5F1ACC}.Debug|Any CPU.ActiveCfg = Debug|Any CPU
		{50F243F5-B827-4C75-8230-A6F06A5F1ACC}.Debug|Any CPU.Build.0 = Debug|Any CPU
		{50F243F5-B827-4C75-8230-A6F06A5F1ACC}.Release|Any CPU.ActiveCfg = Release|Any CPU
		{50F243F5-B827-4C75-8230-A6F06A5F1ACC}.Release|Any CPU.Build.0 = Release|Any CPU
		{8572B17B-3C78-4AF5-9AF9-DE0052B2654E}.Debug|Any CPU.ActiveCfg = Debug|Any CPU
		{8572B17B-3C78-4AF5-9AF9-DE0052B2654E}.Debug|Any CPU.Build.0 = Debug|Any CPU
		{8572B17B-3C78-4AF5-9AF9-DE0052B2654E}.Release|Any CPU.ActiveCfg = Release|Any CPU
		{8572B17B-3C78-4AF5-9AF9-DE0052B2654E}.Release|Any CPU.Build.0 = Release|Any CPU
		{89728E44-4443-4519-8856-26D2AB9D6432}.Debug|Any CPU.ActiveCfg = Debug|Any CPU
		{89728E44-4443-4519-8856-26D2AB9D6432}.Debug|Any CPU.Build.0 = Debug|Any CPU
		{89728E44-4443-4519-8856-26D2AB9D6432}.Release|Any CPU.ActiveCfg = Release|Any CPU
		{89728E44-4443-4519-8856-26D2AB9D6432}.Release|Any CPU.Build.0 = Release|Any CPU
		{BCCB4F31-7FA8-44F2-947D-2741A59BFC51}.Debug|Any CPU.ActiveCfg = Debug|Any CPU
		{BCCB4F31-7FA8-44F2-947D-2741A59BFC51}.Debug|Any CPU.Build.0 = Debug|Any CPU
		{BCCB4F31-7FA8-44F2-947D-2741A59BFC51}.Release|Any CPU.ActiveCfg = Release|Any CPU
		{BCCB4F31-7FA8-44F2-947D-2741A59BFC51}.Release|Any CPU.Build.0 = Release|Any CPU
		{1D75043F-7BD6-41AB-8B63-033D035A2A1B}.Debug|Any CPU.ActiveCfg = Debug|Any CPU
		{1D75043F-7BD6-41AB-8B63-033D035A2A1B}.Debug|Any CPU.Build.0 = Debug|Any CPU
		{1D75043F-7BD6-41AB-8B63-033D035A2A1B}.Release|Any CPU.ActiveCfg = Release|Any CPU
		{1D75043F-7BD6-41AB-8B63-033D035A2A1B}.Release|Any CPU.Build.0 = Release|Any CPU
	EndGlobalSection
	GlobalSection(SolutionProperties) = preSolution
		HideSolutionNode = FALSE
	EndGlobalSection
	GlobalSection(ExtensibilityGlobals) = postSolution
		SolutionGuid = {0606227A-9EAA-4818-B620-D7A2E6B47E92}
	EndGlobalSection
EndGlobal
